
Microsoft Visual Studio Solution File, Format Version 12.00
# Visual Studio Version 17
VisualStudioVersion = 17.11.35327.3
MinimumVisualStudioVersion = 10.0.40219.1
Project("{8BC9CEB8-8B4A-11D0-8D11-00A0C91BC942}") = "RetiredWoman", "RetiredWoman\RetiredWoman.vcxproj", "{EC6416F5-35A3-459F-83E2-C4AA79FF64A9}"
EndProject
Global
	GlobalSection(SolutionConfigurationPlatforms) = preSolution
		Debug|x64 = Debug|x64
		Debug|x86 = Debug|x86
		Release|x64 = Release|x64
		Release|x86 = Release|x86
	EndGlobalSection
	GlobalSection(ProjectConfigurationPlatforms) = postSolution
		{EC6416F5-35A3-459F-83E2-C4AA79FF64A9}.Debug|x64.ActiveCfg = Debug|x64
		{EC6416F5-35A3-459F-83E2-C4AA79FF64A9}.Debug|x64.Build.0 = Debug|x64
		{EC6416F5-35A3-459F-83E2-C4AA79FF64A9}.Debug|x86.ActiveCfg = Debug|Win32
		{EC6416F5-35A3-459F-83E2-C4AA79FF64A9}.Debug|x86.Build.0 = Debug|Win32
		{EC6416F5-35A3-459F-83E2-C4AA79FF64A9}.Release|x64.ActiveCfg = Release|x64
		{EC6416F5-35A3-459F-83E2-C4AA79FF64A9}.Release|x64.Build.0 = Release|x64
		{EC6416F5-35A3-459F-83E2-C4AA79FF64A9}.Release|x86.ActiveCfg = Release|Win32
		{EC6416F5-35A3-459F-83E2-C4AA79FF64A9}.Release|x86.Build.0 = Release|Win32
	EndGlobalSection
	GlobalSection(SolutionProperties) = preSolution
		HideSolutionNode = FALSE
	EndGlobalSection
	GlobalSection(ExtensibilityGlobals) = postSolution
		SolutionGuid = {81E085A7-0816-4521-9395-66BB4862F38F}
	EndGlobalSection
EndGlobal
